<?xml version="1.0" encoding="utf-8"?>
<Project ToolsVersion="4.0" xmlns="http://schemas.microsoft.com/developer/msbuild/2003">
  <ItemGroup>
    <Filter Include="Win32">
      <UniqueIdentifier>{87854844-df0e-45ac-9d7d-fcbc198f2c97}</UniqueIdentifier>
    </Filter>
    <Filter Include="DirectX">
      <UniqueIdentifier>{994dec21-78f6-4a90-914d-ea4949d16254}</UniqueIdentifier>
    </Filter>
    <Filter Include="Main">
      <UniqueIdentifier>{42737e4a-5a2d-41a1-a345-2c90a37f2060}</UniqueIdentifier>
    </Filter>
    <Filter Include="ImGui">
      <UniqueIdentifier>{5710fcb9-2794-4bcb-abf9-64221be7d041}</UniqueIdentifier>
    </Filter>
    <Filter Include="Shaders">
      <UniqueIdentifier>{d0efa5db-a2a7-4810-b607-e31ef62f3137}</UniqueIdentifier>
    </Filter>
  </ItemGroup>
  <ItemGroup>
    <ClCompile Include="WinMain.cpp">
      <Filter>Main</Filter>
    </ClCompile>
    <ClCompile Include="Window.cpp">
      <Filter>Win32</Filter>
    </ClCompile>
    <ClCompile Include="imgui-master\imgui.cpp">
      <Filter>ImGui</Filter>
    </ClCompile>
    <ClCompile Include="imgui-master\imgui_demo.cpp">
      <Filter>ImGui</Filter>
    </ClCompile>
    <ClCompile Include="imgui-master\imgui_draw.cpp">
      <Filter>ImGui</Filter>
    </ClCompile>
    <ClCompile Include="imgui-master\imgui_tables.cpp">
      <Filter>ImGui</Filter>
    </ClCompile>
    <ClCompile Include="imgui-master\imgui_widgets.cpp">
      <Filter>ImGui</Filter>
    </ClCompile>
    <ClCompile Include="imgui-master\backends\imgui_impl_dx10.cpp">
      <Filter>ImGui</Filter>
    </ClCompile>
    <ClCompile Include="imgui-master\backends\imgui_impl_win32.cpp">
      <Filter>ImGui</Filter>
    </ClCompile>
    <ClCompile Include="DXState.cpp">
      <Filter>DirectX</Filter>
    </ClCompile>
    <ClCompile Include="SimpleProfiler.cpp">
      <Filter>Win32</Filter>
    </ClCompile>
    <ClCompile Include="ImGui_Ext.cpp">
      <Filter>Win32</Filter>
    </ClCompile>
  </ItemGroup>
  <ItemGroup>
    <ClInclude Include="Window.hpp">
      <Filter>Win32</Filter>
    </ClInclude>
    <ClInclude Include="Shader.hpp">
      <Filter>DirectX</Filter>
    </ClInclude>
    <ClInclude Include="imgui-master\imconfig.h">
      <Filter>ImGui</Filter>
    </ClInclude>
    <ClInclude Include="imgui-master\imgui.h">
      <Filter>ImGui</Filter>
    </ClInclude>
    <ClInclude Include="imgui-master\imgui_internal.h">
      <Filter>ImGui</Filter>
    </ClInclude>
    <ClInclude Include="imgui-master\imstb_rectpack.h">
      <Filter>ImGui</Filter>
    </ClInclude>
    <ClInclude Include="imgui-master\imstb_textedit.h">
      <Filter>ImGui</Filter>
    </ClInclude>
    <ClInclude Include="imgui-master\imstb_truetype.h">
      <Filter>ImGui</Filter>
    </ClInclude>
    <ClInclude Include="imgui-master\backends\imgui_impl_dx10.h">
      <Filter>ImGui</Filter>
    </ClInclude>
    <ClInclude Include="imgui-master\backends\imgui_impl_win32.h">
      <Filter>ImGui</Filter>
    </ClInclude>
    <ClInclude Include="DXState.hpp">
      <Filter>DirectX</Filter>
    </ClInclude>
    <ClInclude Include="SimpleProfiler.hpp">
      <Filter>Win32</Filter>
    </ClInclude>
    <ClInclude Include="DXVertexBufObject.hpp">
      <Filter>DirectX</Filter>
    </ClInclude>
    <ClInclude Include="Vertex.hpp">
      <Filter>DirectX</Filter>
    </ClInclude>
    <ClInclude Include="inc.hpp">
      <Filter>DirectX</Filter>
    </ClInclude>
    <ClInclude Include="Configuration.hpp">
      <Filter>Main</Filter>
    </ClInclude>
    <ClInclude Include="VariableBuffer.hpp">
      <Filter>Win32</Filter>
    </ClInclude>
    <ClInclude Include="ImGui_Ext.hpp">
      <Filter>Win32</Filter>
    </ClInclude>
    <ClInclude Include="resource.h" />
  </ItemGroup>
  <ItemGroup>
    <FxCompile Include="PixelShader.hlsl">
      <Filter>Shaders</Filter>
    </FxCompile>
    <FxCompile Include="VertexShader.hlsl">
      <Filter>Shaders</Filter>
    </FxCompile>
  </ItemGroup>
  <ItemGroup>
    <None Include="Matrix.hlsli">
      <Filter>Shaders</Filter>
    </None>
  </ItemGroup>
  <ItemGroup>
    <ResourceCompile Include="OpenDream.rc" />
  </ItemGroup>
  <ItemGroup>
    <Image Include="ZoomIteration_00009.ico" />
  </ItemGroup>
</Project>